
Microsoft Visual Studio Solution File, Format Version 12.00
# Visual Studio Version 17
VisualStudioVersion = 17.0.31903.59
MinimumVisualStudioVersion = 10.0.40219.1
Project("{2150E333-8FDC-42A3-9474-1A3956D46DE8}") = "Services", "Services", "{5854FF58-B8C5-05C6-5BF2-ACE42193F22B}"
EndProject
Project("{2150E333-8FDC-42A3-9474-1A3956D46DE8}") = "Flight", "Flight", "{E275478B-6AEC-AC3E-11DB-8AC9660B52E8}"
EndProject
Project("{FAE04EC0-301F-11D3-BF4B-00C04F79EFBC}") = "Flight.Api", "Services\Flight\Flight.Api\Flight.Api.csproj", "{EA81A720-8373-4436-B067-91F73B342EFA}"
EndProject
Project("{FAE04EC0-301F-11D3-BF4B-00C04F79EFBC}") = "Flight.Application", "Services\Flight\Flight.Application\Flight.Application.csproj", "{4E44A659-DDEA-461E-884C-16FB0D03E6BD}"
EndProject
Project("{FAE04EC0-301F-11D3-BF4B-00C04F79EFBC}") = "Flight.Core", "Services\Flight\Flight.Core\Flight.Core.csproj", "{3431FBFF-EAB1-45E0-B858-8EDBCC90CB71}"
EndProject
Project("{FAE04EC0-301F-11D3-BF4B-00C04F79EFBC}") = "Flight.Infrastructure", "Services\Flight\Flight.Infrastructure\Flight.Infrastructure.csproj", "{58F12EE4-7ADF-449B-9000-6D59B475FF52}"
EndProject
Project("{2150E333-8FDC-42A3-9474-1A3956D46DE8}") = "Booking", "Booking", "{1BDCE16F-44E9-1D02-8623-3C0B350C7CC7}"
EndProject
Project("{FAE04EC0-301F-11D3-BF4B-00C04F79EFBC}") = "Booking.Api", "Services\Booking\Booking.Api\Booking.Api.csproj", "{BB720E1E-755C-42FE-AEAA-379787A77DF2}"
EndProject
Project("{FAE04EC0-301F-11D3-BF4B-00C04F79EFBC}") = "Booking.Application", "Services\Booking\Booking.Application\Booking.Application.csproj", "{A29DE532-6142-4427-81F3-A80367BA178E}"
EndProject
Project("{FAE04EC0-301F-11D3-BF4B-00C04F79EFBC}") = "Booking.Core", "Services\Booking\Booking.Core\Booking.Core.csproj", "{7BF4929F-B39D-4DC0-8671-7EE393EE912F}"
EndProject
Project("{FAE04EC0-301F-11D3-BF4B-00C04F79EFBC}") = "Booking.Infrastructure", "Services\Booking\Booking.Infrastructure\Booking.Infrastructure.csproj", "{1C993ED9-624B-4A71-91CD-30CF41B141D7}"
EndProject
Project("{2150E333-8FDC-42A3-9474-1A3956D46DE8}") = "Payment", "Payment", "{714CC2AF-245C-D6B1-E117-A1157E62AF44}"
EndProject
Project("{FAE04EC0-301F-11D3-BF4B-00C04F79EFBC}") = "Payment.Api", "Services\Payment\Payment.Api\Payment.Api.csproj", "{D7E6329D-9B06-4926-8BD2-D3623CCE9C93}"
EndProject
Project("{FAE04EC0-301F-11D3-BF4B-00C04F79EFBC}") = "Payment.Application", "Services\Payment\Payment.Application\Payment.Application.csproj", "{4BB010B6-7332-41DC-8511-586E0A7666ED}"
EndProject
Project("{FAE04EC0-301F-11D3-BF4B-00C04F79EFBC}") = "Payment.Core", "Services\Payment\Payment.Core\Payment.Core.csproj", "{962412A9-0B9B-400B-907C-A001C5060A40}"
EndProject
Project("{2150E333-8FDC-42A3-9474-1A3956D46DE8}") = "Notification", "Notification", "{06470F13-D646-4954-ED4A-FA216054436A}"
EndProject
Project("{FAE04EC0-301F-11D3-BF4B-00C04F79EFBC}") = "Notification.Api", "Services\Notification\Notification.Api\Notification.Api.csproj", "{E60573FE-D5BF-472C-8299-5A4C5F5C767F}"
EndProject
Project("{FAE04EC0-301F-11D3-BF4B-00C04F79EFBC}") = "Notification.Application", "Services\Notification\Notification.Application\Notification.Application.csproj", "{3CD5CC7F-5769-4624-92C4-F3714F7C85EE}"
EndProject
Project("{FAE04EC0-301F-11D3-BF4B-00C04F79EFBC}") = "Notification.Core", "Services\Notification\Notification.Core\Notification.Core.csproj", "{474DA4B5-5CAD-46BA-ABBA-8C977F8B7C4A}"
EndProject
Project("{FAE04EC0-301F-11D3-BF4B-00C04F79EFBC}") = "Payment.Infrastructure", "Services\Payment\Payment.Infrastructure\Payment.Infrastructure.csproj", "{3DAFF04E-F614-4107-A66D-E9C9128D197A}"
EndProject
Global
	GlobalSection(SolutionConfigurationPlatforms) = preSolution
		Debug|Any CPU = Debug|Any CPU
		Debug|x64 = Debug|x64
		Debug|x86 = Debug|x86
		Release|Any CPU = Release|Any CPU
		Release|x64 = Release|x64
		Release|x86 = Release|x86
	EndGlobalSection
	GlobalSection(ProjectConfigurationPlatforms) = postSolution
		{EA81A720-8373-4436-B067-91F73B342EFA}.Debug|Any CPU.ActiveCfg = Debug|Any CPU
		{EA81A720-8373-4436-B067-91F73B342EFA}.Debug|Any CPU.Build.0 = Debug|Any CPU
		{EA81A720-8373-4436-B067-91F73B342EFA}.Debug|x64.ActiveCfg = Debug|Any CPU
		{EA81A720-8373-4436-B067-91F73B342EFA}.Debug|x64.Build.0 = Debug|Any CPU
		{EA81A720-8373-4436-B067-91F73B342EFA}.Debug|x86.ActiveCfg = Debug|Any CPU
		{EA81A720-8373-4436-B067-91F73B342EFA}.Debug|x86.Build.0 = Debug|Any CPU
		{EA81A720-8373-4436-B067-91F73B342EFA}.Release|Any CPU.ActiveCfg = Release|Any CPU
		{EA81A720-8373-4436-B067-91F73B342EFA}.Release|Any CPU.Build.0 = Release|Any CPU
		{EA81A720-8373-4436-B067-91F73B342EFA}.Release|x64.ActiveCfg = Release|Any CPU
		{EA81A720-8373-4436-B067-91F73B342EFA}.Release|x64.Build.0 = Release|Any CPU
		{EA81A720-8373-4436-B067-91F73B342EFA}.Release|x86.ActiveCfg = Release|Any CPU
		{EA81A720-8373-4436-B067-91F73B342EFA}.Release|x86.Build.0 = Release|Any CPU
		{4E44A659-DDEA-461E-884C-16FB0D03E6BD}.Debug|Any CPU.ActiveCfg = Debug|Any CPU
		{4E44A659-DDEA-461E-884C-16FB0D03E6BD}.Debug|Any CPU.Build.0 = Debug|Any CPU
		{4E44A659-DDEA-461E-884C-16FB0D03E6BD}.Debug|x64.ActiveCfg = Debug|Any CPU
		{4E44A659-DDEA-461E-884C-16FB0D03E6BD}.Debug|x64.Build.0 = Debug|Any CPU
		{4E44A659-DDEA-461E-884C-16FB0D03E6BD}.Debug|x86.ActiveCfg = Debug|Any CPU
		{4E44A659-DDEA-461E-884C-16FB0D03E6BD}.Debug|x86.Build.0 = Debug|Any CPU
		{4E44A659-DDEA-461E-884C-16FB0D03E6BD}.Release|Any CPU.ActiveCfg = Release|Any CPU
		{4E44A659-DDEA-461E-884C-16FB0D03E6BD}.Release|Any CPU.Build.0 = Release|Any CPU
		{4E44A659-DDEA-461E-884C-16FB0D03E6BD}.Release|x64.ActiveCfg = Release|Any CPU
		{4E44A659-DDEA-461E-884C-16FB0D03E6BD}.Release|x64.Build.0 = Release|Any CPU
		{4E44A659-DDEA-461E-884C-16FB0D03E6BD}.Release|x86.ActiveCfg = Release|Any CPU
		{4E44A659-DDEA-461E-884C-16FB0D03E6BD}.Release|x86.Build.0 = Release|Any CPU
		{3431FBFF-EAB1-45E0-B858-8EDBCC90CB71}.Debug|Any CPU.ActiveCfg = Debug|Any CPU
		{3431FBFF-EAB1-45E0-B858-8EDBCC90CB71}.Debug|Any CPU.Build.0 = Debug|Any CPU
		{3431FBFF-EAB1-45E0-B858-8EDBCC90CB71}.Debug|x64.ActiveCfg = Debug|Any CPU
		{3431FBFF-EAB1-45E0-B858-8EDBCC90CB71}.Debug|x64.Build.0 = Debug|Any CPU
		{3431FBFF-EAB1-45E0-B858-8EDBCC90CB71}.Debug|x86.ActiveCfg = Debug|Any CPU
		{3431FBFF-EAB1-45E0-B858-8EDBCC90CB71}.Debug|x86.Build.0 = Debug|Any CPU
		{3431FBFF-EAB1-45E0-B858-8EDBCC90CB71}.Release|Any CPU.ActiveCfg = Release|Any CPU
		{3431FBFF-EAB1-45E0-B858-8EDBCC90CB71}.Release|Any CPU.Build.0 = Release|Any CPU
		{3431FBFF-EAB1-45E0-B858-8EDBCC90CB71}.Release|x64.ActiveCfg = Release|Any CPU
		{3431FBFF-EAB1-45E0-B858-8EDBCC90CB71}.Release|x64.Build.0 = Release|Any CPU
		{3431FBFF-EAB1-45E0-B858-8EDBCC90CB71}.Release|x86.ActiveCfg = Release|Any CPU
		{3431FBFF-EAB1-45E0-B858-8EDBCC90CB71}.Release|x86.Build.0 = Release|Any CPU
		{58F12EE4-7ADF-449B-9000-6D59B475FF52}.Debug|Any CPU.ActiveCfg = Debug|Any CPU
		{58F12EE4-7ADF-449B-9000-6D59B475FF52}.Debug|Any CPU.Build.0 = Debug|Any CPU
		{58F12EE4-7ADF-449B-9000-6D59B475FF52}.Debug|x64.ActiveCfg = Debug|Any CPU
		{58F12EE4-7ADF-449B-9000-6D59B475FF52}.Debug|x64.Build.0 = Debug|Any CPU
		{58F12EE4-7ADF-449B-9000-6D59B475FF52}.Debug|x86.ActiveCfg = Debug|Any CPU
		{58F12EE4-7ADF-449B-9000-6D59B475FF52}.Debug|x86.Build.0 = Debug|Any CPU
		{58F12EE4-7ADF-449B-9000-6D59B475FF52}.Release|Any CPU.ActiveCfg = Release|Any CPU
		{58F12EE4-7ADF-449B-9000-6D59B475FF52}.Release|Any CPU.Build.0 = Release|Any CPU
		{58F12EE4-7ADF-449B-9000-6D59B475FF52}.Release|x64.ActiveCfg = Release|Any CPU
		{58F12EE4-7ADF-449B-9000-6D59B475FF52}.Release|x64.Build.0 = Release|Any CPU
		{58F12EE4-7ADF-449B-9000-6D59B475FF52}.Release|x86.ActiveCfg = Release|Any CPU
		{58F12EE4-7ADF-449B-9000-6D59B475FF52}.Release|x86.Build.0 = Release|Any CPU
		{BB720E1E-755C-42FE-AEAA-379787A77DF2}.Debug|Any CPU.ActiveCfg = Debug|Any CPU
		{BB720E1E-755C-42FE-AEAA-379787A77DF2}.Debug|Any CPU.Build.0 = Debug|Any CPU
		{BB720E1E-755C-42FE-AEAA-379787A77DF2}.Debug|x64.ActiveCfg = Debug|Any CPU
		{BB720E1E-755C-42FE-AEAA-379787A77DF2}.Debug|x64.Build.0 = Debug|Any CPU
		{BB720E1E-755C-42FE-AEAA-379787A77DF2}.Debug|x86.ActiveCfg = Debug|Any CPU
		{BB720E1E-755C-42FE-AEAA-379787A77DF2}.Debug|x86.Build.0 = Debug|Any CPU
		{BB720E1E-755C-42FE-AEAA-379787A77DF2}.Release|Any CPU.ActiveCfg = Release|Any CPU
		{BB720E1E-755C-42FE-AEAA-379787A77DF2}.Release|Any CPU.Build.0 = Release|Any CPU
		{BB720E1E-755C-42FE-AEAA-379787A77DF2}.Release|x64.ActiveCfg = Release|Any CPU
		{BB720E1E-755C-42FE-AEAA-379787A77DF2}.Release|x64.Build.0 = Release|Any CPU
		{BB720E1E-755C-42FE-AEAA-379787A77DF2}.Release|x86.ActiveCfg = Release|Any CPU
		{BB720E1E-755C-42FE-AEAA-379787A77DF2}.Release|x86.Build.0 = Release|Any CPU
		{A29DE532-6142-4427-81F3-A80367BA178E}.Debug|Any CPU.ActiveCfg = Debug|Any CPU
		{A29DE532-6142-4427-81F3-A80367BA178E}.Debug|Any CPU.Build.0 = Debug|Any CPU
		{A29DE532-6142-4427-81F3-A80367BA178E}.Debug|x64.ActiveCfg = Debug|Any CPU
		{A29DE532-6142-4427-81F3-A80367BA178E}.Debug|x64.Build.0 = Debug|Any CPU
		{A29DE532-6142-4427-81F3-A80367BA178E}.Debug|x86.ActiveCfg = Debug|Any CPU
		{A29DE532-6142-4427-81F3-A80367BA178E}.Debug|x86.Build.0 = Debug|Any CPU
		{A29DE532-6142-4427-81F3-A80367BA178E}.Release|Any CPU.ActiveCfg = Release|Any CPU
		{A29DE532-6142-4427-81F3-A80367BA178E}.Release|Any CPU.Build.0 = Release|Any CPU
		{A29DE532-6142-4427-81F3-A80367BA178E}.Release|x64.ActiveCfg = Release|Any CPU
		{A29DE532-6142-4427-81F3-A80367BA178E}.Release|x64.Build.0 = Release|Any CPU
		{A29DE532-6142-4427-81F3-A80367BA178E}.Release|x86.ActiveCfg = Release|Any CPU
		{A29DE532-6142-4427-81F3-A80367BA178E}.Release|x86.Build.0 = Release|Any CPU
		{7BF4929F-B39D-4DC0-8671-7EE393EE912F}.Debug|Any CPU.ActiveCfg = Debug|Any CPU
		{7BF4929F-B39D-4DC0-8671-7EE393EE912F}.Debug|Any CPU.Build.0 = Debug|Any CPU
		{7BF4929F-B39D-4DC0-8671-7EE393EE912F}.Debug|x64.ActiveCfg = Debug|Any CPU
		{7BF4929F-B39D-4DC0-8671-7EE393EE912F}.Debug|x64.Build.0 = Debug|Any CPU
		{7BF4929F-B39D-4DC0-8671-7EE393EE912F}.Debug|x86.ActiveCfg = Debug|Any CPU
		{7BF4929F-B39D-4DC0-8671-7EE393EE912F}.Debug|x86.Build.0 = Debug|Any CPU
		{7BF4929F-B39D-4DC0-8671-7EE393EE912F}.Release|Any CPU.ActiveCfg = Release|Any CPU
		{7BF4929F-B39D-4DC0-8671-7EE393EE912F}.Release|Any CPU.Build.0 = Release|Any CPU
		{7BF4929F-B39D-4DC0-8671-7EE393EE912F}.Release|x64.ActiveCfg = Release|Any CPU
		{7BF4929F-B39D-4DC0-8671-7EE393EE912F}.Release|x64.Build.0 = Release|Any CPU
		{7BF4929F-B39D-4DC0-8671-7EE393EE912F}.Release|x86.ActiveCfg = Release|Any CPU
		{7BF4929F-B39D-4DC0-8671-7EE393EE912F}.Release|x86.Build.0 = Release|Any CPU
		{1C993ED9-624B-4A71-91CD-30CF41B141D7}.Debug|Any CPU.ActiveCfg = Debug|Any CPU
		{1C993ED9-624B-4A71-91CD-30CF41B141D7}.Debug|Any CPU.Build.0 = Debug|Any CPU
		{1C993ED9-624B-4A71-91CD-30CF41B141D7}.Debug|x64.ActiveCfg = Debug|Any CPU
		{1C993ED9-624B-4A71-91CD-30CF41B141D7}.Debug|x64.Build.0 = Debug|Any CPU
		{1C993ED9-624B-4A71-91CD-30CF41B141D7}.Debug|x86.ActiveCfg = Debug|Any CPU
		{1C993ED9-624B-4A71-91CD-30CF41B141D7}.Debug|x86.Build.0 = Debug|Any CPU
		{1C993ED9-624B-4A71-91CD-30CF41B141D7}.Release|Any CPU.ActiveCfg = Release|Any CPU
		{1C993ED9-624B-4A71-91CD-30CF41B141D7}.Release|Any CPU.Build.0 = Release|Any CPU
		{1C993ED9-624B-4A71-91CD-30CF41B141D7}.Release|x64.ActiveCfg = Release|Any CPU
		{1C993ED9-624B-4A71-91CD-30CF41B141D7}.Release|x64.Build.0 = Release|Any CPU
		{1C993ED9-624B-4A71-91CD-30CF41B141D7}.Release|x86.ActiveCfg = Release|Any CPU
		{1C993ED9-624B-4A71-91CD-30CF41B141D7}.Release|x86.Build.0 = Release|Any CPU
		{D7E6329D-9B06-4926-8BD2-D3623CCE9C93}.Debug|Any CPU.ActiveCfg = Debug|Any CPU
		{D7E6329D-9B06-4926-8BD2-D3623CCE9C93}.Debug|Any CPU.Build.0 = Debug|Any CPU
		{D7E6329D-9B06-4926-8BD2-D3623CCE9C93}.Debug|x64.ActiveCfg = Debug|Any CPU
		{D7E6329D-9B06-4926-8BD2-D3623CCE9C93}.Debug|x64.Build.0 = Debug|Any CPU
		{D7E6329D-9B06-4926-8BD2-D3623CCE9C93}.Debug|x86.ActiveCfg = Debug|Any CPU
		{D7E6329D-9B06-4926-8BD2-D3623CCE9C93}.Debug|x86.Build.0 = Debug|Any CPU
		{D7E6329D-9B06-4926-8BD2-D3623CCE9C93}.Release|Any CPU.ActiveCfg = Release|Any CPU
		{D7E6329D-9B06-4926-8BD2-D3623CCE9C93}.Release|Any CPU.Build.0 = Release|Any CPU
		{D7E6329D-9B06-4926-8BD2-D3623CCE9C93}.Release|x64.ActiveCfg = Release|Any CPU
		{D7E6329D-9B06-4926-8BD2-D3623CCE9C93}.Release|x64.Build.0 = Release|Any CPU
		{D7E6329D-9B06-4926-8BD2-D3623CCE9C93}.Release|x86.ActiveCfg = Release|Any CPU
		{D7E6329D-9B06-4926-8BD2-D3623CCE9C93}.Release|x86.Build.0 = Release|Any CPU
		{4BB010B6-7332-41DC-8511-586E0A7666ED}.Debug|Any CPU.ActiveCfg = Debug|Any CPU
		{4BB010B6-7332-41DC-8511-586E0A7666ED}.Debug|Any CPU.Build.0 = Debug|Any CPU
		{4BB010B6-7332-41DC-8511-586E0A7666ED}.Debug|x64.ActiveCfg = Debug|Any CPU
		{4BB010B6-7332-41DC-8511-586E0A7666ED}.Debug|x64.Build.0 = Debug|Any CPU
		{4BB010B6-7332-41DC-8511-586E0A7666ED}.Debug|x86.ActiveCfg = Debug|Any CPU
		{4BB010B6-7332-41DC-8511-586E0A7666ED}.Debug|x86.Build.0 = Debug|Any CPU
		{4BB010B6-7332-41DC-8511-586E0A7666ED}.Release|Any CPU.ActiveCfg = Release|Any CPU
		{4BB010B6-7332-41DC-8511-586E0A7666ED}.Release|Any CPU.Build.0 = Release|Any CPU
		{4BB010B6-7332-41DC-8511-586E0A7666ED}.Release|x64.ActiveCfg = Release|Any CPU
		{4BB010B6-7332-41DC-8511-586E0A7666ED}.Release|x64.Build.0 = Release|Any CPU
		{4BB010B6-7332-41DC-8511-586E0A7666ED}.Release|x86.ActiveCfg = Release|Any CPU
		{4BB010B6-7332-41DC-8511-586E0A7666ED}.Release|x86.Build.0 = Release|Any CPU
		{962412A9-0B9B-400B-907C-A001C5060A40}.Debug|Any CPU.ActiveCfg = Debug|Any CPU
		{962412A9-0B9B-400B-907C-A001C5060A40}.Debug|Any CPU.Build.0 = Debug|Any CPU
		{962412A9-0B9B-400B-907C-A001C5060A40}.Debug|x64.ActiveCfg = Debug|Any CPU
		{962412A9-0B9B-400B-907C-A001C5060A40}.Debug|x64.Build.0 = Debug|Any CPU
		{962412A9-0B9B-400B-907C-A001C5060A40}.Debug|x86.ActiveCfg = Debug|Any CPU
		{962412A9-0B9B-400B-907C-A001C5060A40}.Debug|x86.Build.0 = Debug|Any CPU
		{962412A9-0B9B-400B-907C-A001C5060A40}.Release|Any CPU.ActiveCfg = Release|Any CPU
		{962412A9-0B9B-400B-907C-A001C5060A40}.Release|Any CPU.Build.0 = Release|Any CPU
		{962412A9-0B9B-400B-907C-A001C5060A40}.Release|x64.ActiveCfg = Release|Any CPU
		{962412A9-0B9B-400B-907C-A001C5060A40}.Release|x64.Build.0 = Release|Any CPU
		{962412A9-0B9B-400B-907C-A001C5060A40}.Release|x86.ActiveCfg = Release|Any CPU
		{962412A9-0B9B-400B-907C-A001C5060A40}.Release|x86.Build.0 = Release|Any CPU
		{E60573FE-D5BF-472C-8299-5A4C5F5C767F}.Debug|Any CPU.ActiveCfg = Debug|Any CPU
		{E60573FE-D5BF-472C-8299-5A4C5F5C767F}.Debug|Any CPU.Build.0 = Debug|Any CPU
		{E60573FE-D5BF-472C-8299-5A4C5F5C767F}.Debug|x64.ActiveCfg = Debug|Any CPU
		{E60573FE-D5BF-472C-8299-5A4C5F5C767F}.Debug|x64.Build.0 = Debug|Any CPU
		{E60573FE-D5BF-472C-8299-5A4C5F5C767F}.Debug|x86.ActiveCfg = Debug|Any CPU
		{E60573FE-D5BF-472C-8299-5A4C5F5C767F}.Debug|x86.Build.0 = Debug|Any CPU
		{E60573FE-D5BF-472C-8299-5A4C5F5C767F}.Release|Any CPU.ActiveCfg = Release|Any CPU
		{E60573FE-D5BF-472C-8299-5A4C5F5C767F}.Release|Any CPU.Build.0 = Release|Any CPU
		{E60573FE-D5BF-472C-8299-5A4C5F5C767F}.Release|x64.ActiveCfg = Release|Any CPU
		{E60573FE-D5BF-472C-8299-5A4C5F5C767F}.Release|x64.Build.0 = Release|Any CPU
		{E60573FE-D5BF-472C-8299-5A4C5F5C767F}.Release|x86.ActiveCfg = Release|Any CPU
		{E60573FE-D5BF-472C-8299-5A4C5F5C767F}.Release|x86.Build.0 = Release|Any CPU
		{3CD5CC7F-5769-4624-92C4-F3714F7C85EE}.Debug|Any CPU.ActiveCfg = Debug|Any CPU
		{3CD5CC7F-5769-4624-92C4-F3714F7C85EE}.Debug|Any CPU.Build.0 = Debug|Any CPU
		{3CD5CC7F-5769-4624-92C4-F3714F7C85EE}.Debug|x64.ActiveCfg = Debug|Any CPU
		{3CD5CC7F-5769-4624-92C4-F3714F7C85EE}.Debug|x64.Build.0 = Debug|Any CPU
		{3CD5CC7F-5769-4624-92C4-F3714F7C85EE}.Debug|x86.ActiveCfg = Debug|Any CPU
		{3CD5CC7F-5769-4624-92C4-F3714F7C85EE}.Debug|x86.Build.0 = Debug|Any CPU
		{3CD5CC7F-5769-4624-92C4-F3714F7C85EE}.Release|Any CPU.ActiveCfg = Release|Any CPU
		{3CD5CC7F-5769-4624-92C4-F3714F7C85EE}.Release|Any CPU.Build.0 = Release|Any CPU
		{3CD5CC7F-5769-4624-92C4-F3714F7C85EE}.Release|x64.ActiveCfg = Release|Any CPU
		{3CD5CC7F-5769-4624-92C4-F3714F7C85EE}.Release|x64.Build.0 = Release|Any CPU
		{3CD5CC7F-5769-4624-92C4-F3714F7C85EE}.Release|x86.ActiveCfg = Release|Any CPU
		{3CD5CC7F-5769-4624-92C4-F3714F7C85EE}.Release|x86.Build.0 = Release|Any CPU
		{474DA4B5-5CAD-46BA-ABBA-8C977F8B7C4A}.Debug|Any CPU.ActiveCfg = Debug|Any CPU
		{474DA4B5-5CAD-46BA-ABBA-8C977F8B7C4A}.Debug|Any CPU.Build.0 = Debug|Any CPU
		{474DA4B5-5CAD-46BA-ABBA-8C977F8B7C4A}.Debug|x64.ActiveCfg = Debug|Any CPU
		{474DA4B5-5CAD-46BA-ABBA-8C977F8B7C4A}.Debug|x64.Build.0 = Debug|Any CPU
		{474DA4B5-5CAD-46BA-ABBA-8C977F8B7C4A}.Debug|x86.ActiveCfg = Debug|Any CPU
		{474DA4B5-5CAD-46BA-ABBA-8C977F8B7C4A}.Debug|x86.Build.0 = Debug|Any CPU
		{474DA4B5-5CAD-46BA-ABBA-8C977F8B7C4A}.Release|Any CPU.ActiveCfg = Release|Any CPU
		{474DA4B5-5CAD-46BA-ABBA-8C977F8B7C4A}.Release|Any CPU.Build.0 = Release|Any CPU
		{474DA4B5-5CAD-46BA-ABBA-8C977F8B7C4A}.Release|x64.ActiveCfg = Release|Any CPU
		{474DA4B5-5CAD-46BA-ABBA-8C977F8B7C4A}.Release|x64.Build.0 = Release|Any CPU
		{474DA4B5-5CAD-46BA-ABBA-8C977F8B7C4A}.Release|x86.ActiveCfg = Release|Any CPU
		{474DA4B5-5CAD-46BA-ABBA-8C977F8B7C4A}.Release|x86.Build.0 = Release|Any CPU
		{3DAFF04E-F614-4107-A66D-E9C9128D197A}.Debug|Any CPU.ActiveCfg = Debug|Any CPU
		{3DAFF04E-F614-4107-A66D-E9C9128D197A}.Debug|Any CPU.Build.0 = Debug|Any CPU
		{3DAFF04E-F614-4107-A66D-E9C9128D197A}.Debug|x64.ActiveCfg = Debug|Any CPU
		{3DAFF04E-F614-4107-A66D-E9C9128D197A}.Debug|x64.Build.0 = Debug|Any CPU
		{3DAFF04E-F614-4107-A66D-E9C9128D197A}.Debug|x86.ActiveCfg = Debug|Any CPU
		{3DAFF04E-F614-4107-A66D-E9C9128D197A}.Debug|x86.Build.0 = Debug|Any CPU
		{3DAFF04E-F614-4107-A66D-E9C9128D197A}.Release|Any CPU.ActiveCfg = Release|Any CPU
		{3DAFF04E-F614-4107-A66D-E9C9128D197A}.Release|Any CPU.Build.0 = Release|Any CPU
		{3DAFF04E-F614-4107-A66D-E9C9128D197A}.Release|x64.ActiveCfg = Release|Any CPU
		{3DAFF04E-F614-4107-A66D-E9C9128D197A}.Release|x64.Build.0 = Release|Any CPU
		{3DAFF04E-F614-4107-A66D-E9C9128D197A}.Release|x86.ActiveCfg = Release|Any CPU
		{3DAFF04E-F614-4107-A66D-E9C9128D197A}.Release|x86.Build.0 = Release|Any CPU
	EndGlobalSection
	GlobalSection(SolutionProperties) = preSolution
		HideSolutionNode = FALSE
	EndGlobalSection
	GlobalSection(NestedProjects) = preSolution
		{E275478B-6AEC-AC3E-11DB-8AC9660B52E8} = {5854FF58-B8C5-05C6-5BF2-ACE42193F22B}
		{EA81A720-8373-4436-B067-91F73B342EFA} = {E275478B-6AEC-AC3E-11DB-8AC9660B52E8}
		{4E44A659-DDEA-461E-884C-16FB0D03E6BD} = {E275478B-6AEC-AC3E-11DB-8AC9660B52E8}
		{3431FBFF-EAB1-45E0-B858-8EDBCC90CB71} = {E275478B-6AEC-AC3E-11DB-8AC9660B52E8}
		{58F12EE4-7ADF-449B-9000-6D59B475FF52} = {E275478B-6AEC-AC3E-11DB-8AC9660B52E8}
		{1BDCE16F-44E9-1D02-8623-3C0B350C7CC7} = {5854FF58-B8C5-05C6-5BF2-ACE42193F22B}
		{BB720E1E-755C-42FE-AEAA-379787A77DF2} = {1BDCE16F-44E9-1D02-8623-3C0B350C7CC7}
		{A29DE532-6142-4427-81F3-A80367BA178E} = {1BDCE16F-44E9-1D02-8623-3C0B350C7CC7}
		{7BF4929F-B39D-4DC0-8671-7EE393EE912F} = {1BDCE16F-44E9-1D02-8623-3C0B350C7CC7}
		{1C993ED9-624B-4A71-91CD-30CF41B141D7} = {1BDCE16F-44E9-1D02-8623-3C0B350C7CC7}
		{714CC2AF-245C-D6B1-E117-A1157E62AF44} = {5854FF58-B8C5-05C6-5BF2-ACE42193F22B}
		{D7E6329D-9B06-4926-8BD2-D3623CCE9C93} = {714CC2AF-245C-D6B1-E117-A1157E62AF44}
		{4BB010B6-7332-41DC-8511-586E0A7666ED} = {714CC2AF-245C-D6B1-E117-A1157E62AF44}
		{962412A9-0B9B-400B-907C-A001C5060A40} = {714CC2AF-245C-D6B1-E117-A1157E62AF44}
		{06470F13-D646-4954-ED4A-FA216054436A} = {5854FF58-B8C5-05C6-5BF2-ACE42193F22B}
		{E60573FE-D5BF-472C-8299-5A4C5F5C767F} = {06470F13-D646-4954-ED4A-FA216054436A}
		{3CD5CC7F-5769-4624-92C4-F3714F7C85EE} = {06470F13-D646-4954-ED4A-FA216054436A}
		{474DA4B5-5CAD-46BA-ABBA-8C977F8B7C4A} = {06470F13-D646-4954-ED4A-FA216054436A}
		{3DAFF04E-F614-4107-A66D-E9C9128D197A} = {714CC2AF-245C-D6B1-E117-A1157E62AF44}
	EndGlobalSection
EndGlobal
